
Microsoft Visual Studio Solution File, Format Version 12.00
# Visual Studio Version 17
VisualStudioVersion = 17.9.34902.65
MinimumVisualStudioVersion = 10.0.40219.1
Project("{FAE04EC0-301F-11D3-BF4B-00C04F79EFBC}") = "SalsesProject", "SalsesProject\SalsesProject.csproj", "{871A3BF9-8026-46C1-9400-1AAF708B765D}"
EndProject
Global
	GlobalSection(SolutionConfigurationPlatforms) = preSolution
		Debug|Any CPU = Debug|Any CPU
		Release|Any CPU = Release|Any CPU
	EndGlobalSection
	GlobalSection(ProjectConfigurationPlatforms) = postSolution
		{871A3BF9-8026-46C1-9400-1AAF708B765D}.Debug|Any CPU.ActiveCfg = Debug|Any CPU
		{871A3BF9-8026-46C1-9400-1AAF708B765D}.Debug|Any CPU.Build.0 = Debug|Any CPU
		{871A3BF9-8026-46C1-9400-1AAF708B765D}.Release|Any CPU.ActiveCfg = Release|Any CPU
		{871A3BF9-8026-46C1-9400-1AAF708B765D}.Release|Any CPU.Build.0 = Release|Any CPU
	EndGlobalSection
	GlobalSection(SolutionProperties) = preSolution
		HideSolutionNode = FALSE
	EndGlobalSection
	GlobalSection(ExtensibilityGlobals) = postSolution
		SolutionGuid = {57A040D4-154A-474E-A354-8537C7E95815}
	EndGlobalSection
EndGlobal
